
Microsoft Visual Studio Solution File, Format Version 12.00
# Visual Studio 15
Project("{FAE04EC0-301F-11D3-BF4B-00C04F79EFBC}") = "ev-vis", "ev-vis.csproj", "{882CC560-6B98-4CE9-BDF4-498B3D3998AE}"
EndProject
Global
	GlobalSection(SolutionConfigurationPlatforms) = preSolution
		Debug|Any CPU = Debug|Any CPU
		Release|Any CPU = Release|Any CPU
	EndGlobalSection
	GlobalSection(ProjectConfigurationPlatforms) = postSolution
		{882CC560-6B98-4CE9-BDF4-498B3D3998AE}.Debug|Any CPU.ActiveCfg = Debug|Any CPU
		{882CC560-6B98-4CE9-BDF4-498B3D3998AE}.Debug|Any CPU.Build.0 = Debug|Any CPU
		{882CC560-6B98-4CE9-BDF4-498B3D3998AE}.Release|Any CPU.ActiveCfg = Release|Any CPU
		{882CC560-6B98-4CE9-BDF4-498B3D3998AE}.Release|Any CPU.Build.0 = Release|Any CPU
	EndGlobalSection
EndGlobal
